
Microsoft Visual Studio Solution File, Format Version 12.00
# Visual Studio Version 17
VisualStudioVersion = 17.7.34031.279
MinimumVisualStudioVersion = 10.0.40219.1
Project("{FAE04EC0-301F-11D3-BF4B-00C04F79EFBC}") = "Labb2-ChessBoard", "Labb2-ChessBoard.csproj", "{97363506-7D47-4DD7-B57E-CD8109FDE587}"
EndProject
Global
	GlobalSection(SolutionConfigurationPlatforms) = preSolution
		Debug|Any CPU = Debug|Any CPU
		Release|Any CPU = Release|Any CPU
	EndGlobalSection
	GlobalSection(ProjectConfigurationPlatforms) = postSolution
		{97363506-7D47-4DD7-B57E-CD8109FDE587}.Debug|Any CPU.ActiveCfg = Debug|Any CPU
		{97363506-7D47-4DD7-B57E-CD8109FDE587}.Debug|Any CPU.Build.0 = Debug|Any CPU
		{97363506-7D47-4DD7-B57E-CD8109FDE587}.Release|Any CPU.ActiveCfg = Release|Any CPU
		{97363506-7D47-4DD7-B57E-CD8109FDE587}.Release|Any CPU.Build.0 = Release|Any CPU
	EndGlobalSection
	GlobalSection(SolutionProperties) = preSolution
		HideSolutionNode = FALSE
	EndGlobalSection
	GlobalSection(ExtensibilityGlobals) = postSolution
		SolutionGuid = {DEECFBA3-12AF-4377-A525-18D62C52A786}
	EndGlobalSection
EndGlobal
